{
  "name": "nextcaltrain",
  "version": "2.1.10",
  "lockfileVersion": 1,
  "requires": true,
  "dependencies": {
    "array.prototype.find": {
      "version": "2.0.0",
      "resolved": "https://registry.npmjs.org/array.prototype.find/-/array.prototype.find-2.0.0.tgz",
      "integrity": "sha1-VqmrHt3ip3Ae1tkWas7DOJGdhDA=",
      "requires": {
        "define-properties": "1.1.2",
        "es-abstract": "1.6.1"
      }
    },
    "array.prototype.findindex": {
      "version": "2.0.0",
      "resolved": "https://registry.npmjs.org/array.prototype.findindex/-/array.prototype.findindex-2.0.0.tgz",
      "integrity": "sha1-VZohAFpUBJ6fuGewT7s2gBNEFmg=",
      "requires": {
        "define-properties": "1.1.2",
        "es-abstract": "1.6.1"
      }
    },
    "async": {
      "version": "2.6.1",
      "resolved": "https://registry.npmjs.org/async/-/async-2.6.1.tgz",
      "integrity": "sha512-fNEiL2+AZt6AlAw/29Cr0UDe4sRAHCpEHh54WMz+Bb7QfNcFw4h3loofyJpLeQs4Yx7yuqu/2dLgM5hKOs6HlQ==",
      "requires": {
        "lodash": "4.17.10"
      },
      "dependencies": {
        "lodash": {
          "version": "4.17.10",
          "resolved": "https://registry.npmjs.org/lodash/-/lodash-4.17.10.tgz",
          "integrity": "sha512-UejweD1pDoXu+AD825lWwp4ZGtSwgnpZxb3JDViD7StjQz+Nb/6l093lx4OQ0foGWNRoc19mWy7BzL+UAK2iVg=="
        }
      }
    },
    "balanced-match": {
      "version": "0.4.2",
      "resolved": "https://registry.npmjs.org/balanced-match/-/balanced-match-0.4.2.tgz",
      "integrity": "sha1-yz8+PHMtwPAe5wtAPzAuYddwmDg=",
      "dev": true
    },
    "brace-expansion": {
      "version": "1.1.6",
      "resolved": "https://registry.npmjs.org/brace-expansion/-/brace-expansion-1.1.6.tgz",
      "integrity": "sha1-cZfX6qm4fmSDkOph/GbIRCdCDfk=",
      "dev": true,
      "requires": {
        "balanced-match": "0.4.2",
        "concat-map": "0.0.1"
      }
    },
    "concat-map": {
      "version": "0.0.1",
      "resolved": "https://registry.npmjs.org/concat-map/-/concat-map-0.0.1.tgz",
      "integrity": "sha1-2Klr13/Wjfd5OnMDajug1UBdR3s=",
      "dev": true
    },
    "core-util-is": {
      "version": "1.0.2",
      "resolved": "https://registry.npmjs.org/core-util-is/-/core-util-is-1.0.2.tgz",
      "integrity": "sha1-tf1UIgqivFq1eqtxQMlAdUUDwac="
    },
    "csv-parser": {
      "version": "1.11.0",
      "resolved": "https://registry.npmjs.org/csv-parser/-/csv-parser-1.11.0.tgz",
      "integrity": "sha1-zZLD9JiVo8FZFZEDXL++a1HFWrE=",
      "requires": {
        "generate-function": "1.1.0",
        "generate-object-property": "1.2.0",
        "inherits": "2.0.1",
        "minimist": "1.2.0",
        "ndjson": "1.4.3"
      }
    },
    "deep-equal": {
      "version": "1.0.1",
      "resolved": "https://registry.npmjs.org/deep-equal/-/deep-equal-1.0.1.tgz",
      "integrity": "sha1-9dJgKStmDghO/0zbyfCK0yR0SLU=",
      "dev": true
    },
    "define-properties": {
      "version": "1.1.2",
      "resolved": "https://registry.npmjs.org/define-properties/-/define-properties-1.1.2.tgz",
      "integrity": "sha1-g6c/L+pWmJj7c3GTyPhzyvbUXJQ=",
      "requires": {
        "foreach": "2.0.5",
        "object-keys": "1.0.11"
      }
    },
    "defined": {
      "version": "1.0.0",
      "resolved": "https://registry.npmjs.org/defined/-/defined-1.0.0.tgz",
      "integrity": "sha1-yY2bzvdWdBiOEQlpFRGZ45sfppM=",
      "dev": true
    },
    "es-abstract": {
      "version": "1.6.1",
      "resolved": "https://registry.npmjs.org/es-abstract/-/es-abstract-1.6.1.tgz",
      "integrity": "sha1-u4ogZBIKvPkooIbqPZBDEUKF7Jk=",
      "requires": {
        "es-to-primitive": "1.1.1",
        "function-bind": "1.1.0",
        "is-callable": "1.1.3",
        "is-regex": "1.0.3"
      }
    },
    "es-to-primitive": {
      "version": "1.1.1",
      "resolved": "https://registry.npmjs.org/es-to-primitive/-/es-to-primitive-1.1.1.tgz",
      "integrity": "sha1-RTVSSKiJeQNLZ5Lhm7gfK3l13Q0=",
      "requires": {
        "is-callable": "1.1.3",
        "is-date-object": "1.0.1",
        "is-symbol": "1.0.1"
      }
    },
    "foreach": {
      "version": "2.0.5",
      "resolved": "https://registry.npmjs.org/foreach/-/foreach-2.0.5.tgz",
      "integrity": "sha1-C+4AUBiusmDQo6865ljdATbsG5k="
    },
    "fs.realpath": {
      "version": "1.0.0",
      "resolved": "https://registry.npmjs.org/fs.realpath/-/fs.realpath-1.0.0.tgz",
      "integrity": "sha1-FQStJSMVjKpA20onh8sBQRmU6k8=",
      "dev": true
    },
    "function-bind": {
      "version": "1.1.0",
      "resolved": "https://registry.npmjs.org/function-bind/-/function-bind-1.1.0.tgz",
      "integrity": "sha1-FhdnFMgBeY5Ojyz391KUZ7tKV3E="
    },
    "generate-function": {
      "version": "1.1.0",
      "resolved": "https://registry.npmjs.org/generate-function/-/generate-function-1.1.0.tgz",
      "integrity": "sha1-VMIbCAGSsW2Yd3ecW7gWZudyNl8="
    },
    "generate-object-property": {
      "version": "1.2.0",
      "resolved": "https://registry.npmjs.org/generate-object-property/-/generate-object-property-1.2.0.tgz",
      "integrity": "sha1-nA4cQDCM6AT0eDYYuTf6iPmdUNA=",
      "requires": {
        "is-property": "1.0.2"
      }
    },
    "glob": {
      "version": "7.0.5",
      "resolved": "https://registry.npmjs.org/glob/-/glob-7.0.5.tgz",
      "integrity": "sha1-tCAqaQmbu00pKnwblbZoK2fr3JU=",
      "dev": true,
      "requires": {
        "fs.realpath": "1.0.0",
        "inflight": "1.0.5",
        "inherits": "2.0.1",
        "minimatch": "3.0.3",
        "once": "1.3.3",
        "path-is-absolute": "1.0.0"
      }
    },
    "has": {
      "version": "1.0.1",
      "resolved": "https://registry.npmjs.org/has/-/has-1.0.1.tgz",
      "integrity": "sha1-hGFzP1OLCDfJNh45qauelwTcLyg=",
      "dev": true,
      "requires": {
        "function-bind": "1.1.0"
      }
    },
    "inflight": {
      "version": "1.0.5",
      "resolved": "https://registry.npmjs.org/inflight/-/inflight-1.0.5.tgz",
      "integrity": "sha1-2zIEzVqd4ubNiQuFxuL2a89PYgo=",
      "dev": true,
      "requires": {
        "once": "1.3.3",
        "wrappy": "1.0.2"
      }
    },
    "inherits": {
      "version": "2.0.1",
      "resolved": "https://registry.npmjs.org/inherits/-/inherits-2.0.1.tgz",
      "integrity": "sha1-sX0I0ya0Qj5Wjv9xn5GwscvfafE="
    },
    "is-callable": {
      "version": "1.1.3",
      "resolved": "https://registry.npmjs.org/is-callable/-/is-callable-1.1.3.tgz",
      "integrity": "sha1-hut1OSgF3cM69xySoO7fdO52BLI="
    },
    "is-date-object": {
      "version": "1.0.1",
      "resolved": "https://registry.npmjs.org/is-date-object/-/is-date-object-1.0.1.tgz",
      "integrity": "sha1-mqIOtq7rv/d/vTPnTKAbM1gdOhY="
    },
    "is-property": {
      "version": "1.0.2",
      "resolved": "https://registry.npmjs.org/is-property/-/is-property-1.0.2.tgz",
      "integrity": "sha1-V/4cTkhHTt1lsJkR8msc1Ald2oQ="
    },
    "is-regex": {
      "version": "1.0.3",
      "resolved": "https://registry.npmjs.org/is-regex/-/is-regex-1.0.3.tgz",
      "integrity": "sha1-DVUYK9358v3ieCIK7Dp1ZCyQhjc="
    },
    "is-symbol": {
      "version": "1.0.1",
      "resolved": "https://registry.npmjs.org/is-symbol/-/is-symbol-1.0.1.tgz",
      "integrity": "sha1-PMWfAAJRlLarLjjbrmaJJWtmBXI="
    },
    "isarray": {
      "version": "0.0.1",
      "resolved": "https://registry.npmjs.org/isarray/-/isarray-0.0.1.tgz",
      "integrity": "sha1-ihis/Kmo9Bd+Cav8YDiTmwXR7t8="
    },
    "ldjson-stream": {
      "version": "1.2.1",
      "resolved": "https://registry.npmjs.org/ldjson-stream/-/ldjson-stream-1.2.1.tgz",
      "integrity": "sha1-kb7O2lrE7SsX5kn7d356v6AYnCs=",
      "requires": {
        "split2": "0.2.1",
        "through2": "0.6.5"
      }
    },
    "minimatch": {
      "version": "3.0.3",
      "resolved": "https://registry.npmjs.org/minimatch/-/minimatch-3.0.3.tgz",
      "integrity": "sha512-NyXjqu1IwcqH6nv5vmMtaG3iw7kdV3g6MwlUBZkc3Vn5b5AMIWYKfptvzipoyFfhlfOgBQ9zoTxQMravF1QTnw==",
      "dev": true,
      "requires": {
        "brace-expansion": "^1.0.0"
      }
    },
    "minimist": {
      "version": "1.2.0",
      "resolved": "https://registry.npmjs.org/minimist/-/minimist-1.2.0.tgz",
      "integrity": "sha1-o1AIsg9BOD7sH7kU9M1d95omQoQ="
    },
    "ndjson": {
      "version": "1.4.3",
      "resolved": "https://registry.npmjs.org/ndjson/-/ndjson-1.4.3.tgz",
      "integrity": "sha1-eqAm/jqzin2horStB7EAjnM+sjk=",
      "requires": {
        "minimist": "1.2.0",
        "split2": "0.2.1",
        "through2": "0.6.5"
      }
    },
    "object-filter": {
      "version": "1.0.2",
      "resolved": "https://registry.npmjs.org/object-filter/-/object-filter-1.0.2.tgz",
      "integrity": "sha1-rwt5f/6+r4pSxmN87b6IFs/sG8g="
    },
    "object-inspect": {
      "version": "1.2.1",
      "resolved": "https://registry.npmjs.org/object-inspect/-/object-inspect-1.2.1.tgz",
      "integrity": "sha1-O2Iibrj21EF1HH2PIqIP+ArJ3D8=",
      "dev": true
    },
    "object-keys": {
      "version": "1.0.11",
      "resolved": "https://registry.npmjs.org/object-keys/-/object-keys-1.0.11.tgz",
      "integrity": "sha1-xUYBd4rVYPEULODgG8yotW0TQm0="
    },
    "once": {
      "version": "1.3.3",
      "resolved": "https://registry.npmjs.org/once/-/once-1.3.3.tgz",
      "integrity": "sha1-suJhVXzkwxTsgwTz+oJmPkKXyiA=",
      "dev": true,
      "requires": {
        "wrappy": "1.0.2"
      }
    },
    "path-is-absolute": {
      "version": "1.0.0",
      "resolved": "https://registry.npmjs.org/path-is-absolute/-/path-is-absolute-1.0.0.tgz",
      "integrity": "sha1-Jj2tpmqz8vsQv3+dJN2PPlcO+RI=",
      "dev": true
    },
    "readable-stream": {
      "version": "1.0.34",
      "resolved": "https://registry.npmjs.org/readable-stream/-/readable-stream-1.0.34.tgz",
      "integrity": "sha1-Elgg40vIQtLyqq+v5MKRbuMsFXw=",
      "requires": {
        "core-util-is": "1.0.2",
        "inherits": "2.0.1",
        "isarray": "0.0.1",
        "string_decoder": "0.10.31"
      }
    },
    "resolve": {
      "version": "1.1.7",
      "resolved": "https://registry.npmjs.org/resolve/-/resolve-1.1.7.tgz",
      "integrity": "sha1-IDEU2CrSxe2ejgQRs5ModeiJ6Xs=",
      "dev": true
    },
    "resumer": {
      "version": "0.0.0",
      "resolved": "https://registry.npmjs.org/resumer/-/resumer-0.0.0.tgz",
      "integrity": "sha1-8ej0YeQGS6Oegq883CqMiT0HZ1k=",
      "dev": true,
      "requires": {
        "through": "2.3.8"
      }
    },
    "split2": {
      "version": "0.2.1",
      "resolved": "https://registry.npmjs.org/split2/-/split2-0.2.1.tgz",
      "integrity": "sha1-At2smtwD7Au3jBKC7Aecpuha6QA=",
      "requires": {
        "through2": "0.6.5"
      }
    },
    "string.prototype.trim": {
      "version": "1.1.2",
      "resolved": "https://registry.npmjs.org/string.prototype.trim/-/string.prototype.trim-1.1.2.tgz",
      "integrity": "sha1-0E3iyJ4Tf019IG8Ia17S+ua+jOo=",
      "dev": true,
      "requires": {
        "define-properties": "1.1.2",
        "es-abstract": "1.6.1",
        "function-bind": "1.1.0"
      }
    },
    "string_decoder": {
      "version": "0.10.31",
      "resolved": "https://registry.npmjs.org/string_decoder/-/string_decoder-0.10.31.tgz",
      "integrity": "sha1-YuIDvEF2bGwoyfyEMB2rHFMQ+pQ="
    },
    "tape": {
      "version": "4.6.0",
      "resolved": "https://registry.npmjs.org/tape/-/tape-4.6.0.tgz",
      "integrity": "sha1-AYhkEVDk+ii6eREUGQcz9H43Q78=",
      "dev": true,
      "requires": {
        "deep-equal": "1.0.1",
        "defined": "1.0.0",
        "function-bind": "1.1.0",
        "glob": "7.0.5",
        "has": "1.0.1",
        "inherits": "2.0.1",
        "minimist": "1.2.0",
        "object-inspect": "1.2.1",
        "resolve": "1.1.7",
        "resumer": "0.0.0",
        "string.prototype.trim": "1.1.2",
        "through": "2.3.8"
      }
    },
    "through": {
      "version": "2.3.8",
      "resolved": "https://registry.npmjs.org/through/-/through-2.3.8.tgz",
      "integrity": "sha1-DdTJ/6q8NXlgsbckEV1+Doai4fU=",
      "dev": true
    },
    "through2": {
      "version": "0.6.5",
      "resolved": "https://registry.npmjs.org/through2/-/through2-0.6.5.tgz",
      "integrity": "sha1-QaucZ7KdVyCQcUEOHXp6lozTrUg=",
      "requires": {
        "readable-stream": "1.0.34",
        "xtend": "4.0.1"
      }
    },
    "trim-object-stream": {
      "version": "1.1.0",
      "resolved": "https://registry.npmjs.org/trim-object-stream/-/trim-object-stream-1.1.0.tgz",
      "integrity": "sha1-0lv1eQiSuQdCE/7nzzFYM60gZLg=",
      "requires": {
        "ldjson-stream": "1.2.1",
        "through2": "0.5.1"
      },
      "dependencies": {
        "through2": {
          "version": "0.5.1",
          "resolved": "https://registry.npmjs.org/through2/-/through2-0.5.1.tgz",
          "integrity": "sha1-390BLrnHAOIyP9M084rGIqs3Lac=",
          "requires": {
            "readable-stream": "1.0.34",
            "xtend": "3.0.0"
          }
        },
        "xtend": {
          "version": "3.0.0",
          "resolved": "https://registry.npmjs.org/xtend/-/xtend-3.0.0.tgz",
          "integrity": "sha1-XM50B7r2Qsunvs2laBEcST9ZZlo="
        }
      }
    },
    "wrappy": {
      "version": "1.0.2",
      "resolved": "https://registry.npmjs.org/wrappy/-/wrappy-1.0.2.tgz",
      "integrity": "sha1-tSQ9jz7BqjXxNkYFvA0QNuMKtp8=",
      "dev": true
    },
    "xtend": {
      "version": "4.0.1",
      "resolved": "https://registry.npmjs.org/xtend/-/xtend-4.0.1.tgz",
      "integrity": "sha1-pcbVMr5lbiPbgg77lDofBJmNY68="
    }
  }
}
